Microsoft Visual Studio Solution File, Format Version 11.00
# Visual Studio 2008

Project("{CFCFB75F-364C-3A96-BE53-70738E0090C3}") = "SkyIsland", "Assembly-CSharp.csproj", "{EA5B57C5-622B-B261-06F4-9DF424888D2C}"
EndProject
Global
	GlobalSection(SolutionConfigurationPlatforms) = preSolution
		Debug|Any CPU = Debug|Any CPU
		Release|Any CPU = Release|Any CPU
	EndGlobalSection
	GlobalSection(ProjectConfigurationPlatforms) = postSolution
		{EA5B57C5-622B-B261-06F4-9DF424888D2C}.Debug|Any CPU.ActiveCfg = Debug|Any CPU
		{EA5B57C5-622B-B261-06F4-9DF424888D2C}.Debug|Any CPU.Build.0 = Debug|Any CPU
		{EA5B57C5-622B-B261-06F4-9DF424888D2C}.Release|Any CPU.ActiveCfg = Release|Any CPU
		{EA5B57C5-622B-B261-06F4-9DF424888D2C}.Release|Any CPU.Build.0 = Release|Any CPU
	EndGlobalSection
	GlobalSection(SolutionProperties) = preSolution
		HideSolutionNode = FALSE
	EndGlobalSection
	GlobalSection(MonoDevelopProperties) = preSolution
		StartupItem = Assembly-CSharp.csproj
	EndGlobalSection
EndGlobal
